
Microsoft Visual Studio Solution File, Format Version 12.00
# Visual Studio Version 17
VisualStudioVersion = 17.4.33122.133
MinimumVisualStudioVersion = 10.0.40219.1
Project("{9A19103F-16F7-4668-BE54-9A1E7A4F7556}") = "binaries", "binaries.csproj", "{15525DCA-740A-4C3F-88E9-37BC165E8CA4}"
EndProject
Project("{FAE04EC0-301F-11D3-BF4B-00C04F79EFBC}") = "BinariesTests", "..\BinariesTests\BinariesTests.csproj", "{D12FA7E0-FFBA-46B6-B7CD-F3DF77A77839}"
EndProject
Global
	GlobalSection(SolutionConfigurationPlatforms) = preSolution
		Debug|Any CPU = Debug|Any CPU
		Release|Any CPU = Release|Any CPU
	EndGlobalSection
	GlobalSection(ProjectConfigurationPlatforms) = postSolution
		{15525DCA-740A-4C3F-88E9-37BC165E8CA4}.Debug|Any CPU.ActiveCfg = Debug|Any CPU
		{15525DCA-740A-4C3F-88E9-37BC165E8CA4}.Debug|Any CPU.Build.0 = Debug|Any CPU
		{15525DCA-740A-4C3F-88E9-37BC165E8CA4}.Release|Any CPU.ActiveCfg = Release|Any CPU
		{15525DCA-740A-4C3F-88E9-37BC165E8CA4}.Release|Any CPU.Build.0 = Release|Any CPU
		{D12FA7E0-FFBA-46B6-B7CD-F3DF77A77839}.Debug|Any CPU.ActiveCfg = Debug|Any CPU
		{D12FA7E0-FFBA-46B6-B7CD-F3DF77A77839}.Debug|Any CPU.Build.0 = Debug|Any CPU
		{D12FA7E0-FFBA-46B6-B7CD-F3DF77A77839}.Release|Any CPU.ActiveCfg = Release|Any CPU
		{D12FA7E0-FFBA-46B6-B7CD-F3DF77A77839}.Release|Any CPU.Build.0 = Release|Any CPU
	EndGlobalSection
	GlobalSection(SolutionProperties) = preSolution
		HideSolutionNode = FALSE
	EndGlobalSection
	GlobalSection(ExtensibilityGlobals) = postSolution
		SolutionGuid = {EC00538A-F3AE-4819-9187-449EFE8CFC92}
	EndGlobalSection
EndGlobal
